
Microsoft Visual Studio Solution File, Format Version 12.00
# Visual Studio Version 16
VisualStudioVersion = 16.0.30114.105
MinimumVisualStudioVersion = 10.0.40219.1
Project("{2150E333-8FDC-42A3-9474-1A3956D46DE8}") = "Source", "Source", "{DEE275A6-2590-4D3E-A2B6-582C081DAB3C}"
EndProject
Project("{FAE04EC0-301F-11D3-BF4B-00C04F79EFBC}") = "Application", "Source\Application\Application.csproj", "{5221D6DC-4591-4F5E-8B54-27FB41836FC2}"
EndProject
Project("{FAE04EC0-301F-11D3-BF4B-00C04F79EFBC}") = "Domain", "Source\Domain\Domain.csproj", "{80658A99-1186-481F-BD23-001BAB4859F0}"
EndProject
Project("{FAE04EC0-301F-11D3-BF4B-00C04F79EFBC}") = "Infrastructure", "Source\Infrastructure\Infrastructure.csproj", "{FF8604D5-F833-4E72-BC95-F6D077683737}"
EndProject
Project("{FAE04EC0-301F-11D3-BF4B-00C04F79EFBC}") = "RestApi", "Source\RestApi\RestApi.csproj", "{1B546CD9-5F5D-4B41-ACA9-CDA6D44FCC06}"
EndProject
Project("{2150E333-8FDC-42A3-9474-1A3956D46DE8}") = "Tests", "Tests", "{531FF0D6-AC82-4419-B839-346F42B6D4A1}"
EndProject
Project("{FAE04EC0-301F-11D3-BF4B-00C04F79EFBC}") = "RestApi.Tests", "Tests\RestApi.Tests\RestApi.Tests.csproj", "{232C395B-D41E-4378-90AF-C8D8EBCA985A}"
EndProject
Project("{FAE04EC0-301F-11D3-BF4B-00C04F79EFBC}") = "Infrastructure.Tests", "Tests\Infrastructure.Tests\Infrastructure.Tests.csproj", "{510C1EEA-0D7D-46AC-BA2E-14AB744B7025}"
EndProject
Project("{FAE04EC0-301F-11D3-BF4B-00C04F79EFBC}") = "Domain.Tests", "Tests\Domain.Tests\Domain.Tests.csproj", "{39A3992D-DAC6-4F72-B434-55BC6BE33CDF}"
EndProject
Project("{FAE04EC0-301F-11D3-BF4B-00C04F79EFBC}") = "Application.Tests", "Tests\Application.Tests\Application.Tests.csproj", "{BCF79629-DB19-4744-89E0-21273BD8504C}"
EndProject
Global
	GlobalSection(SolutionConfigurationPlatforms) = preSolution
		Debug|Any CPU = Debug|Any CPU
		Release|Any CPU = Release|Any CPU
	EndGlobalSection
	GlobalSection(SolutionProperties) = preSolution
		HideSolutionNode = FALSE
	EndGlobalSection
	GlobalSection(ProjectConfigurationPlatforms) = postSolution
		{5221D6DC-4591-4F5E-8B54-27FB41836FC2}.Debug|Any CPU.ActiveCfg = Debug|Any CPU
		{5221D6DC-4591-4F5E-8B54-27FB41836FC2}.Debug|Any CPU.Build.0 = Debug|Any CPU
		{5221D6DC-4591-4F5E-8B54-27FB41836FC2}.Release|Any CPU.ActiveCfg = Release|Any CPU
		{5221D6DC-4591-4F5E-8B54-27FB41836FC2}.Release|Any CPU.Build.0 = Release|Any CPU
		{80658A99-1186-481F-BD23-001BAB4859F0}.Debug|Any CPU.ActiveCfg = Debug|Any CPU
		{80658A99-1186-481F-BD23-001BAB4859F0}.Debug|Any CPU.Build.0 = Debug|Any CPU
		{80658A99-1186-481F-BD23-001BAB4859F0}.Release|Any CPU.ActiveCfg = Release|Any CPU
		{80658A99-1186-481F-BD23-001BAB4859F0}.Release|Any CPU.Build.0 = Release|Any CPU
		{FF8604D5-F833-4E72-BC95-F6D077683737}.Debug|Any CPU.ActiveCfg = Debug|Any CPU
		{FF8604D5-F833-4E72-BC95-F6D077683737}.Debug|Any CPU.Build.0 = Debug|Any CPU
		{FF8604D5-F833-4E72-BC95-F6D077683737}.Release|Any CPU.ActiveCfg = Release|Any CPU
		{FF8604D5-F833-4E72-BC95-F6D077683737}.Release|Any CPU.Build.0 = Release|Any CPU
		{1B546CD9-5F5D-4B41-ACA9-CDA6D44FCC06}.Debug|Any CPU.ActiveCfg = Debug|Any CPU
		{1B546CD9-5F5D-4B41-ACA9-CDA6D44FCC06}.Debug|Any CPU.Build.0 = Debug|Any CPU
		{1B546CD9-5F5D-4B41-ACA9-CDA6D44FCC06}.Release|Any CPU.ActiveCfg = Release|Any CPU
		{1B546CD9-5F5D-4B41-ACA9-CDA6D44FCC06}.Release|Any CPU.Build.0 = Release|Any CPU
		{232C395B-D41E-4378-90AF-C8D8EBCA985A}.Debug|Any CPU.ActiveCfg = Debug|Any CPU
		{232C395B-D41E-4378-90AF-C8D8EBCA985A}.Debug|Any CPU.Build.0 = Debug|Any CPU
		{232C395B-D41E-4378-90AF-C8D8EBCA985A}.Release|Any CPU.ActiveCfg = Release|Any CPU
		{232C395B-D41E-4378-90AF-C8D8EBCA985A}.Release|Any CPU.Build.0 = Release|Any CPU
		{510C1EEA-0D7D-46AC-BA2E-14AB744B7025}.Debug|Any CPU.ActiveCfg = Debug|Any CPU
		{510C1EEA-0D7D-46AC-BA2E-14AB744B7025}.Debug|Any CPU.Build.0 = Debug|Any CPU
		{510C1EEA-0D7D-46AC-BA2E-14AB744B7025}.Release|Any CPU.ActiveCfg = Release|Any CPU
		{510C1EEA-0D7D-46AC-BA2E-14AB744B7025}.Release|Any CPU.Build.0 = Release|Any CPU
		{39A3992D-DAC6-4F72-B434-55BC6BE33CDF}.Debug|Any CPU.ActiveCfg = Debug|Any CPU
		{39A3992D-DAC6-4F72-B434-55BC6BE33CDF}.Debug|Any CPU.Build.0 = Debug|Any CPU
		{39A3992D-DAC6-4F72-B434-55BC6BE33CDF}.Release|Any CPU.ActiveCfg = Release|Any CPU
		{39A3992D-DAC6-4F72-B434-55BC6BE33CDF}.Release|Any CPU.Build.0 = Release|Any CPU
		{BCF79629-DB19-4744-89E0-21273BD8504C}.Debug|Any CPU.ActiveCfg = Debug|Any CPU
		{BCF79629-DB19-4744-89E0-21273BD8504C}.Debug|Any CPU.Build.0 = Debug|Any CPU
		{BCF79629-DB19-4744-89E0-21273BD8504C}.Release|Any CPU.ActiveCfg = Release|Any CPU
		{BCF79629-DB19-4744-89E0-21273BD8504C}.Release|Any CPU.Build.0 = Release|Any CPU
	EndGlobalSection
	GlobalSection(NestedProjects) = preSolution
		{5221D6DC-4591-4F5E-8B54-27FB41836FC2} = {DEE275A6-2590-4D3E-A2B6-582C081DAB3C}
		{80658A99-1186-481F-BD23-001BAB4859F0} = {DEE275A6-2590-4D3E-A2B6-582C081DAB3C}
		{FF8604D5-F833-4E72-BC95-F6D077683737} = {DEE275A6-2590-4D3E-A2B6-582C081DAB3C}
		{1B546CD9-5F5D-4B41-ACA9-CDA6D44FCC06} = {DEE275A6-2590-4D3E-A2B6-582C081DAB3C}
		{232C395B-D41E-4378-90AF-C8D8EBCA985A} = {531FF0D6-AC82-4419-B839-346F42B6D4A1}
		{510C1EEA-0D7D-46AC-BA2E-14AB744B7025} = {531FF0D6-AC82-4419-B839-346F42B6D4A1}
		{39A3992D-DAC6-4F72-B434-55BC6BE33CDF} = {531FF0D6-AC82-4419-B839-346F42B6D4A1}
		{BCF79629-DB19-4744-89E0-21273BD8504C} = {531FF0D6-AC82-4419-B839-346F42B6D4A1}
	EndGlobalSection
EndGlobal
